
Microsoft Visual Studio Solution File, Format Version 12.00
# Visual Studio Version 17
VisualStudioVersion = 17.1.32328.378
MinimumVisualStudioVersion = 10.0.40219.1
Project("{888888A0-9F3D-457C-B088-3A5042F75D52}") = "HOMEWORK", "HOMEWORK\HOMEWORK.pyproj", "{B4D7DEE8-DBC6-4646-9553-EDD1C84B2C29}"
EndProject
Global
	GlobalSection(SolutionConfigurationPlatforms) = preSolution
		Debug|Any CPU = Debug|Any CPU
		Release|Any CPU = Release|Any CPU
	EndGlobalSection
	GlobalSection(ProjectConfigurationPlatforms) = postSolution
		{B4D7DEE8-DBC6-4646-9553-EDD1C84B2C29}.Debug|Any CPU.ActiveCfg = Debug|Any CPU
		{B4D7DEE8-DBC6-4646-9553-EDD1C84B2C29}.Release|Any CPU.ActiveCfg = Release|Any CPU
	EndGlobalSection
	GlobalSection(SolutionProperties) = preSolution
		HideSolutionNode = FALSE
	EndGlobalSection
	GlobalSection(ExtensibilityGlobals) = postSolution
		SolutionGuid = {40F3EE16-3CDE-402F-95E5-3452B1D598A5}
	EndGlobalSection
EndGlobal
